
Microsoft Visual Studio Solution File, Format Version 12.00
# Visual Studio Version 16
VisualStudioVersion = 16.0.32228.343
MinimumVisualStudioVersion = 10.0.40219.1
Project("{FAE04EC0-301F-11D3-BF4B-00C04F79EFBC}") = "CORPLab3", "CORPLab3\CORPLab3.csproj", "{B7D43F72-6EF7-48A3-A5C0-7960589C72C8}"
EndProject
Global
	GlobalSection(SolutionConfigurationPlatforms) = preSolution
		Debug|Any CPU = Debug|Any CPU
		Release|Any CPU = Release|Any CPU
	EndGlobalSection
	GlobalSection(ProjectConfigurationPlatforms) = postSolution
		{B7D43F72-6EF7-48A3-A5C0-7960589C72C8}.Debug|Any CPU.ActiveCfg = Debug|Any CPU
		{B7D43F72-6EF7-48A3-A5C0-7960589C72C8}.Debug|Any CPU.Build.0 = Debug|Any CPU
		{B7D43F72-6EF7-48A3-A5C0-7960589C72C8}.Release|Any CPU.ActiveCfg = Release|Any CPU
		{B7D43F72-6EF7-48A3-A5C0-7960589C72C8}.Release|Any CPU.Build.0 = Release|Any CPU
	EndGlobalSection
	GlobalSection(SolutionProperties) = preSolution
		HideSolutionNode = FALSE
	EndGlobalSection
	GlobalSection(ExtensibilityGlobals) = postSolution
		SolutionGuid = {C39CA81B-E25A-4F7C-93F9-683B4222C134}
	EndGlobalSection
EndGlobal
